
Microsoft Visual Studio Solution File, Format Version 12.00
# Visual Studio 15
VisualStudioVersion = 15.0.28307.421
MinimumVisualStudioVersion = 10.0.40219.1
Project("{FAE04EC0-301F-11D3-BF4B-00C04F79EFBC}") = "SensorManagementWeb", "SensorManagementWeb\SensorManagementWeb.csproj", "{60ABEC5C-0DB3-4800-A280-817A7980E176}"
EndProject
Global
	GlobalSection(SolutionConfigurationPlatforms) = preSolution
		Debug|Any CPU = Debug|Any CPU
		Release|Any CPU = Release|Any CPU
	EndGlobalSection
	GlobalSection(ProjectConfigurationPlatforms) = postSolution
		{60ABEC5C-0DB3-4800-A280-817A7980E176}.Debug|Any CPU.ActiveCfg = Debug|Any CPU
		{60ABEC5C-0DB3-4800-A280-817A7980E176}.Debug|Any CPU.Build.0 = Debug|Any CPU
		{60ABEC5C-0DB3-4800-A280-817A7980E176}.Release|Any CPU.ActiveCfg = Release|Any CPU
		{60ABEC5C-0DB3-4800-A280-817A7980E176}.Release|Any CPU.Build.0 = Release|Any CPU
	EndGlobalSection
	GlobalSection(SolutionProperties) = preSolution
		HideSolutionNode = FALSE
	EndGlobalSection
	GlobalSection(ExtensibilityGlobals) = postSolution
		SolutionGuid = {F46EB26A-EF8F-49A6-88E9-26B7C065D4D7}
	EndGlobalSection
EndGlobal
